
Microsoft Visual Studio Solution File, Format Version 12.00
# Visual Studio Version 16
VisualStudioVersion = 16.0.31702.278
MinimumVisualStudioVersion = 10.0.40219.1
Project("{FAE04EC0-301F-11D3-BF4B-00C04F79EFBC}") = "GithubExample", "GithubExample.csproj", "{E2BA07DC-2677-49B6-9920-3CD9DBB63CAE}"
EndProject
Global
	GlobalSection(SolutionConfigurationPlatforms) = preSolution
		Debug|Any CPU = Debug|Any CPU
		Release|Any CPU = Release|Any CPU
	EndGlobalSection
	GlobalSection(ProjectConfigurationPlatforms) = postSolution
		{E2BA07DC-2677-49B6-9920-3CD9DBB63CAE}.Debug|Any CPU.ActiveCfg = Debug|Any CPU
		{E2BA07DC-2677-49B6-9920-3CD9DBB63CAE}.Debug|Any CPU.Build.0 = Debug|Any CPU
		{E2BA07DC-2677-49B6-9920-3CD9DBB63CAE}.Release|Any CPU.ActiveCfg = Release|Any CPU
		{E2BA07DC-2677-49B6-9920-3CD9DBB63CAE}.Release|Any CPU.Build.0 = Release|Any CPU
	EndGlobalSection
	GlobalSection(SolutionProperties) = preSolution
		HideSolutionNode = FALSE
	EndGlobalSection
	GlobalSection(ExtensibilityGlobals) = postSolution
		SolutionGuid = {44B3B376-B4AD-474E-A419-67A6B71DF6E0}
	EndGlobalSection
EndGlobal
